// !$*UTF8*$!
{
	archiveVersion = 1;
	classes = {
	};
	objectVersion = 56;
	objects = {

/* Begin PBXBuildFile section */
		E2D25B722E5991770054E236 /* ToDoList.swift in Sources */ = {isa = PBXBuildFile; fileRef = E2D25B712E5991770054E236 /* ToDoList.swift */; };
		E2D25B742E59C1B00054E236 /* LocalTask.swift in Sources */ = {isa = PBXBuildFile; fileRef = E2D25B732E59C1B00054E236 /* LocalTask.swift */; };
		E2D25B762E59C2B80054E236 /* TaskTableViewCell.swift in Sources */ = {isa = PBXBuildFile; fileRef = E2D25B752E59C2B80054E236 /* TaskTableViewCell.swift */; };
		E2D25B7C2E59CB610054E236 /* TaskEntity.xcdatamodeld in Sources */ = {isa = PBXBuildFile; fileRef = E2D25B7A2E59CB610054E236 /* TaskEntity.xcdatamodeld */; };
		E2D25B7E2E59CD5D0054E236 /* CoreDataManager.swift in Sources */ = {isa = PBXBuildFile; fileRef = E2D25B7D2E59CD5D0054E236 /* CoreDataManager.swift */; };
		E2D25B802E59CDC90054E236 /* TaskService.swift in Sources */ = {isa = PBXBuildFile; fileRef = E2D25B7F2E59CDC90054E236 /* TaskService.swift */; };
		E2DE80C72E58F438005249D4 /* AppDelegate.swift in Sources */ = {isa = PBXBuildFile; fileRef = E2DE80C62E58F438005249D4 /* AppDelegate.swift */; };
		E2DE80C92E58F438005249D4 /* SceneDelegate.swift in Sources */ = {isa = PBXBuildFile; fileRef = E2DE80C82E58F438005249D4 /* SceneDelegate.swift */; };
		E2DE80D02E58F43A005249D4 /* Assets.xcassets in Resources */ = {isa = PBXBuildFile; fileRef = E2DE80CF2E58F43A005249D4 /* Assets.xcassets */; };
		E2DE80D32E58F43A005249D4 /* LaunchScreen.storyboard in Resources */ = {isa = PBXBuildFile; fileRef = E2DE80D12E58F43A005249D4 /* LaunchScreen.storyboard */; };
		E2DE80E32E58F56A005249D4 /* Coordinator.swift in Sources */ = {isa = PBXBuildFile; fileRef = E2DE80E22E58F56A005249D4 /* Coordinator.swift */; };
		E2DE80E52E58F587005249D4 /* AppCoordinator.swift in Sources */ = {isa = PBXBuildFile; fileRef = E2DE80E42E58F587005249D4 /* AppCoordinator.swift */; };
		E2DE80E82E58F602005249D4 /* ToDoListCoordinator.swift in Sources */ = {isa = PBXBuildFile; fileRef = E2DE80E72E58F602005249D4 /* ToDoListCoordinator.swift */; };
		E2DE80EB2E58F654005249D4 /* ToDoListViewController.swift in Sources */ = {isa = PBXBuildFile; fileRef = E2DE80E92E58F654005249D4 /* ToDoListViewController.swift */; };
		E2DE80EC2E58F654005249D4 /* ToDoListViewModel.swift in Sources */ = {isa = PBXBuildFile; fileRef = E2DE80EA2E58F654005249D4 /* ToDoListViewModel.swift */; };
		E2DE80EE2E58F956005249D4 /* UIView.swift in Sources */ = {isa = PBXBuildFile; fileRef = E2DE80ED2E58F956005249D4 /* UIView.swift */; };
		E2DE80F02E58F97F005249D4 /* UITableView.swift in Sources */ = {isa = PBXBuildFile; fileRef = E2DE80EF2E58F97F005249D4 /* UITableView.swift */; };
		E2DE80F22E58F9A1005249D4 /* UITableViewCell.swift in Sources */ = {isa = PBXBuildFile; fileRef = E2DE80F12E58F9A1005249D4 /* UITableViewCell.swift */; };
		E2DE80F42E58FCAC005249D4 /* Service.swift in Sources */ = {isa = PBXBuildFile; fileRef = E2DE80F32E58FCAC005249D4 /* Service.swift */; };
		E2DE80F62E58FCD8005249D4 /* Request.swift in Sources */ = {isa = PBXBuildFile; fileRef = E2DE80F52E58FCD8005249D4 /* Request.swift */; };
		E2DE80F82E58FCFE005249D4 /* Endpoint.swift in Sources */ = {isa = PBXBuildFile; fileRef = E2DE80F72E58FCFE005249D4 /* Endpoint.swift */; };
		E2FEDBA02E5C983000BF20F4 /* ActionsPopupView.swift in Sources */ = {isa = PBXBuildFile; fileRef = E2FEDB9F2E5C983000BF20F4 /* ActionsPopupView.swift */; };
		E2FEDBA22E5C985100BF20F4 /* BottomBarView.swift in Sources */ = {isa = PBXBuildFile; fileRef = E2FEDBA12E5C985100BF20F4 /* BottomBarView.swift */; };
		E2FEDBA42E5C988500BF20F4 /* TaskPreviewView.swift in Sources */ = {isa = PBXBuildFile; fileRef = E2FEDBA32E5C988500BF20F4 /* TaskPreviewView.swift */; };
		E2FEDBA62E5C992E00BF20F4 /* ActionPopupPresenter.swift in Sources */ = {isa = PBXBuildFile; fileRef = E2FEDBA52E5C992E00BF20F4 /* ActionPopupPresenter.swift */; };
/* End PBXBuildFile section */

/* Begin PBXFileReference section */
		E2D25B712E5991770054E236 /* ToDoList.swift */ = {isa = PBXFileReference; lastKnownFileType = sourcecode.swift; path = ToDoList.swift; sourceTree = "<group>"; };
		E2D25B732E59C1B00054E236 /* LocalTask.swift */ = {isa = PBXFileReference; lastKnownFileType = sourcecode.swift; path = LocalTask.swift; sourceTree = "<group>"; };
		E2D25B752E59C2B80054E236 /* TaskTableViewCell.swift */ = {isa = PBXFileReference; lastKnownFileType = sourcecode.swift; path = TaskTableViewCell.swift; sourceTree = "<group>"; };
		E2D25B7B2E59CB610054E236 /* TaskEntity.xcdatamodel */ = {isa = PBXFileReference; lastKnownFileType = wrapper.xcdatamodel; path = TaskEntity.xcdatamodel; sourceTree = "<group>"; };
		E2D25B7D2E59CD5D0054E236 /* CoreDataManager.swift */ = {isa = PBXFileReference; lastKnownFileType = sourcecode.swift; path = CoreDataManager.swift; sourceTree = "<group>"; };
		E2D25B7F2E59CDC90054E236 /* TaskService.swift */ = {isa = PBXFileReference; lastKnownFileType = sourcecode.swift; path = TaskService.swift; sourceTree = "<group>"; };
		E2DE80C32E58F438005249D4 /* ToDoList_Project.app */ = {isa = PBXFileReference; explicitFileType = wrapper.application; includeInIndex = 0; path = ToDoList_Project.app; sourceTree = BUILT_PRODUCTS_DIR; };
		E2DE80C62E58F438005249D4 /* AppDelegate.swift */ = {isa = PBXFileReference; lastKnownFileType = sourcecode.swift; path = AppDelegate.swift; sourceTree = "<group>"; };
		E2DE80C82E58F438005249D4 /* SceneDelegate.swift */ = {isa = PBXFileReference; lastKnownFileType = sourcecode.swift; path = SceneDelegate.swift; sourceTree = "<group>"; };
		E2DE80CF2E58F43A005249D4 /* Assets.xcassets */ = {isa = PBXFileReference; lastKnownFileType = folder.assetcatalog; path = Assets.xcassets; sourceTree = "<group>"; };
		E2DE80D22E58F43A005249D4 /* Base */ = {isa = PBXFileReference; lastKnownFileType = file.storyboard; name = Base; path = Base.lproj/LaunchScreen.storyboard; sourceTree = "<group>"; };
		E2DE80D42E58F43A005249D4 /* Info.plist */ = {isa = PBXFileReference; lastKnownFileType = text.plist.xml; path = Info.plist; sourceTree = "<group>"; };
		E2DE80E22E58F56A005249D4 /* Coordinator.swift */ = {isa = PBXFileReference; lastKnownFileType = sourcecode.swift; path = Coordinator.swift; sourceTree = "<group>"; };
		E2DE80E42E58F587005249D4 /* AppCoordinator.swift */ = {isa = PBXFileReference; lastKnownFileType = sourcecode.swift; path = AppCoordinator.swift; sourceTree = "<group>"; };
		E2DE80E72E58F602005249D4 /* ToDoListCoordinator.swift */ = {isa = PBXFileReference; lastKnownFileType = sourcecode.swift; path = ToDoListCoordinator.swift; sourceTree = "<group>"; };
		E2DE80E92E58F654005249D4 /* ToDoListViewController.swift */ = {isa = PBXFileReference; lastKnownFileType = sourcecode.swift; path = ToDoListViewController.swift; sourceTree = "<group>"; };
		E2DE80EA2E58F654005249D4 /* ToDoListViewModel.swift */ = {isa = PBXFileReference; lastKnownFileType = sourcecode.swift; path = ToDoListViewModel.swift; sourceTree = "<group>"; };
		E2DE80ED2E58F956005249D4 /* UIView.swift */ = {isa = PBXFileReference; lastKnownFileType = sourcecode.swift; path = UIView.swift; sourceTree = "<group>"; };
		E2DE80EF2E58F97F005249D4 /* UITableView.swift */ = {isa = PBXFileReference; lastKnownFileType = sourcecode.swift; path = UITableView.swift; sourceTree = "<group>"; };
		E2DE80F12E58F9A1005249D4 /* UITableViewCell.swift */ = {isa = PBXFileReference; lastKnownFileType = sourcecode.swift; path = UITableViewCell.swift; sourceTree = "<group>"; };
		E2DE80F32E58FCAC005249D4 /* Service.swift */ = {isa = PBXFileReference; lastKnownFileType = sourcecode.swift; path = Service.swift; sourceTree = "<group>"; };
		E2DE80F52E58FCD8005249D4 /* Request.swift */ = {isa = PBXFileReference; lastKnownFileType = sourcecode.swift; path = Request.swift; sourceTree = "<group>"; };
		E2DE80F72E58FCFE005249D4 /* Endpoint.swift */ = {isa = PBXFileReference; lastKnownFileType = sourcecode.swift; path = Endpoint.swift; sourceTree = "<group>"; };
		E2FEDB9F2E5C983000BF20F4 /* ActionsPopupView.swift */ = {isa = PBXFileReference; lastKnownFileType = sourcecode.swift; path = ActionsPopupView.swift; sourceTree = "<group>"; };
		E2FEDBA12E5C985100BF20F4 /* BottomBarView.swift */ = {isa = PBXFileReference; lastKnownFileType = sourcecode.swift; path = BottomBarView.swift; sourceTree = "<group>"; };
		E2FEDBA32E5C988500BF20F4 /* TaskPreviewView.swift */ = {isa = PBXFileReference; lastKnownFileType = sourcecode.swift; path = TaskPreviewView.swift; sourceTree = "<group>"; };
		E2FEDBA52E5C992E00BF20F4 /* ActionPopupPresenter.swift */ = {isa = PBXFileReference; lastKnownFileType = sourcecode.swift; name = ActionPopupPresenter.swift; path = ../ActionPopupPresenter.swift; sourceTree = "<group>"; };
/* End PBXFileReference section */

/* Begin PBXFrameworksBuildPhase section */
		E2DE80C02E58F438005249D4 /* Frameworks */ = {
			isa = PBXFrameworksBuildPhase;
			buildActionMask = 2147483647;
			files = (
			);
			runOnlyForDeploymentPostprocessing = 0;
		};
/* End PBXFrameworksBuildPhase section */

/* Begin PBXGroup section */
		E2D25B702E59915D0054E236 /* ToDoList */ = {
			isa = PBXGroup;
			children = (
				E2D25B7A2E59CB610054E236 /* TaskEntity.xcdatamodeld */,
				E2D25B712E5991770054E236 /* ToDoList.swift */,
				E2D25B732E59C1B00054E236 /* LocalTask.swift */,
			);
			path = ToDoList;
			sourceTree = "<group>";
		};
		E2DE80BA2E58F438005249D4 = {
			isa = PBXGroup;
			children = (
				E2DE80C52E58F438005249D4 /* ToDoList_Project */,
				E2DE80C42E58F438005249D4 /* Products */,
			);
			sourceTree = "<group>";
		};
		E2DE80C42E58F438005249D4 /* Products */ = {
			isa = PBXGroup;
			children = (
				E2DE80C32E58F438005249D4 /* ToDoList_Project.app */,
			);
			name = Products;
			sourceTree = "<group>";
		};
		E2DE80C52E58F438005249D4 /* ToDoList_Project */ = {
			isa = PBXGroup;
			children = (
				E2DE80E02E58F4DA005249D4 /* Base */,
				E2DE80DF2E58F4CA005249D4 /* Extention */,
				E2DE80DE2E58F4BB005249D4 /* Helpers */,
				E2DE80DD2E58F4B1005249D4 /* Models */,
				E2DE80DC2E58F4A5005249D4 /* Presentation */,
				E2DE80DB2E58F498005249D4 /* Service */,
				E2DE80DA2E58F483005249D4 /* Resources */,
				E2DE80D12E58F43A005249D4 /* LaunchScreen.storyboard */,
				E2DE80D42E58F43A005249D4 /* Info.plist */,
			);
			path = ToDoList_Project;
			sourceTree = "<group>";
		};
		E2DE80DA2E58F483005249D4 /* Resources */ = {
			isa = PBXGroup;
			children = (
				E2DE80C62E58F438005249D4 /* AppDelegate.swift */,
				E2DE80C82E58F438005249D4 /* SceneDelegate.swift */,
				E2DE80CF2E58F43A005249D4 /* Assets.xcassets */,
			);
			path = Resources;
			sourceTree = "<group>";
		};
		E2DE80DB2E58F498005249D4 /* Service */ = {
			isa = PBXGroup;
			children = (
				E2DE80F32E58FCAC005249D4 /* Service.swift */,
				E2DE80F52E58FCD8005249D4 /* Request.swift */,
				E2DE80F72E58FCFE005249D4 /* Endpoint.swift */,
				E2D25B7D2E59CD5D0054E236 /* CoreDataManager.swift */,
			);
			path = Service;
			sourceTree = "<group>";
		};
		E2DE80DC2E58F4A5005249D4 /* Presentation */ = {
			isa = PBXGroup;
			children = (
				E2DE80E72E58F602005249D4 /* ToDoListCoordinator.swift */,
				E2DE80E62E58F5E3005249D4 /* ToDoList */,
			);
			path = Presentation;
			sourceTree = "<group>";
		};
		E2DE80DD2E58F4B1005249D4 /* Models */ = {
			isa = PBXGroup;
			children = (
				E2D25B702E59915D0054E236 /* ToDoList */,
			);
			path = Models;
			sourceTree = "<group>";
		};
		E2DE80DE2E58F4BB005249D4 /* Helpers */ = {
			isa = PBXGroup;
			children = (
			);
			path = Helpers;
			sourceTree = "<group>";
		};
		E2DE80DF2E58F4CA005249D4 /* Extention */ = {
			isa = PBXGroup;
			children = (
				E2DE80ED2E58F956005249D4 /* UIView.swift */,
				E2DE80EF2E58F97F005249D4 /* UITableView.swift */,
				E2DE80F12E58F9A1005249D4 /* UITableViewCell.swift */,
			);
			path = Extention;
			sourceTree = "<group>";
		};
		E2DE80E02E58F4DA005249D4 /* Base */ = {
			isa = PBXGroup;
			children = (
				E2DE80E22E58F56A005249D4 /* Coordinator.swift */,
				E2DE80E42E58F587005249D4 /* AppCoordinator.swift */,
			);
			path = Base;
			sourceTree = "<group>";
		};
		E2DE80E62E58F5E3005249D4 /* ToDoList */ = {
			isa = PBXGroup;
			children = (
				E2FEDBA52E5C992E00BF20F4 /* ActionPopupPresenter.swift */,
				E2FEDB9E2E5C97DA00BF20F4 /* ToDoListViews */,
				E2DE80E92E58F654005249D4 /* ToDoListViewController.swift */,
				E2DE80EA2E58F654005249D4 /* ToDoListViewModel.swift */,
				E2D25B7F2E59CDC90054E236 /* TaskService.swift */,
				E2D25B752E59C2B80054E236 /* TaskTableViewCell.swift */,
			);
			path = ToDoList;
			sourceTree = "<group>";
		};
		E2FEDB9E2E5C97DA00BF20F4 /* ToDoListViews */ = {
			isa = PBXGroup;
			children = (
				E2FEDB9F2E5C983000BF20F4 /* ActionsPopupView.swift */,
				E2FEDBA12E5C985100BF20F4 /* BottomBarView.swift */,
				E2FEDBA32E5C988500BF20F4 /* TaskPreviewView.swift */,
			);
			path = ToDoListViews;
			sourceTree = "<group>";
		};
/* End PBXGroup section */

/* Begin PBXNativeTarget section */
		E2DE80C22E58F438005249D4 /* ToDoList_Project */ = {
			isa = PBXNativeTarget;
			buildConfigurationList = E2DE80D72E58F43A005249D4 /* Build configuration list for PBXNativeTarget "ToDoList_Project" */;
			buildPhases = (
				E2DE80BF2E58F438005249D4 /* Sources */,
				E2DE80C02E58F438005249D4 /* Frameworks */,
				E2DE80C12E58F438005249D4 /* Resources */,
			);
			buildRules = (
			);
			dependencies = (
			);
			name = ToDoList_Project;
			productName = ToDoList_Project;
			productReference = E2DE80C32E58F438005249D4 /* ToDoList_Project.app */;
			productType = "com.apple.product-type.application";
		};
/* End PBXNativeTarget section */

/* Begin PBXProject section */
		E2DE80BB2E58F438005249D4 /* Project object */ = {
			isa = PBXProject;
			attributes = {
				BuildIndependentTargetsInParallel = 1;
				LastSwiftUpdateCheck = 1420;
				LastUpgradeCheck = 1420;
				TargetAttributes = {
					E2DE80C22E58F438005249D4 = {
						CreatedOnToolsVersion = 14.2;
					};
				};
			};
			buildConfigurationList = E2DE80BE2E58F438005249D4 /* Build configuration list for PBXProject "ToDoList_Project" */;
			compatibilityVersion = "Xcode 14.0";
			developmentRegion = en;
			hasScannedForEncodings = 0;
			knownRegions = (
				en,
				Base,
			);
			mainGroup = E2DE80BA2E58F438005249D4;
			productRefGroup = E2DE80C42E58F438005249D4 /* Products */;
			projectDirPath = "";
			projectRoot = "";
			targets = (
				E2DE80C22E58F438005249D4 /* ToDoList_Project */,
			);
		};
/* End PBXProject section */

/* Begin PBXResourcesBuildPhase section */
		E2DE80C12E58F438005249D4 /* Resources */ = {
			isa = PBXResourcesBuildPhase;
			buildActionMask = 2147483647;
			files = (
				E2DE80D32E58F43A005249D4 /* LaunchScreen.storyboard in Resources */,
				E2DE80D02E58F43A005249D4 /* Assets.xcassets in Resources */,
			);
			runOnlyForDeploymentPostprocessing = 0;
		};
/* End PBXResourcesBuildPhase section */

/* Begin PBXSourcesBuildPhase section */
		E2DE80BF2E58F438005249D4 /* Sources */ = {
			isa = PBXSourcesBuildPhase;
			buildActionMask = 2147483647;
			files = (
				E2DE80EE2E58F956005249D4 /* UIView.swift in Sources */,
				E2D25B742E59C1B00054E236 /* LocalTask.swift in Sources */,
				E2DE80F62E58FCD8005249D4 /* Request.swift in Sources */,
				E2D25B802E59CDC90054E236 /* TaskService.swift in Sources */,
				E2DE80EC2E58F654005249D4 /* ToDoListViewModel.swift in Sources */,
				E2DE80F82E58FCFE005249D4 /* Endpoint.swift in Sources */,
				E2DE80E52E58F587005249D4 /* AppCoordinator.swift in Sources */,
				E2D25B7E2E59CD5D0054E236 /* CoreDataManager.swift in Sources */,
				E2FEDBA62E5C992E00BF20F4 /* ActionPopupPresenter.swift in Sources */,
				E2DE80E82E58F602005249D4 /* ToDoListCoordinator.swift in Sources */,
				E2DE80C72E58F438005249D4 /* AppDelegate.swift in Sources */,
				E2D25B7C2E59CB610054E236 /* TaskEntity.xcdatamodeld in Sources */,
				E2D25B762E59C2B80054E236 /* TaskTableViewCell.swift in Sources */,
				E2FEDBA42E5C988500BF20F4 /* TaskPreviewView.swift in Sources */,
				E2FEDBA22E5C985100BF20F4 /* BottomBarView.swift in Sources */,
				E2D25B722E5991770054E236 /* ToDoList.swift in Sources */,
				E2FEDBA02E5C983000BF20F4 /* ActionsPopupView.swift in Sources */,
				E2DE80F22E58F9A1005249D4 /* UITableViewCell.swift in Sources */,
				E2DE80F02E58F97F005249D4 /* UITableView.swift in Sources */,
				E2DE80C92E58F438005249D4 /* SceneDelegate.swift in Sources */,
				E2DE80F42E58FCAC005249D4 /* Service.swift in Sources */,
				E2DE80EB2E58F654005249D4 /* ToDoListViewController.swift in Sources */,
				E2DE80E32E58F56A005249D4 /* Coordinator.swift in Sources */,
			);
			runOnlyForDeploymentPostprocessing = 0;
		};
/* End PBXSourcesBuildPhase section */

/* Begin PBXVariantGroup section */
		E2DE80D12E58F43A005249D4 /* LaunchScreen.storyboard */ = {
			isa = PBXVariantGroup;
			children = (
				E2DE80D22E58F43A005249D4 /* Base */,
			);
			name = LaunchScreen.storyboard;
			sourceTree = "<group>";
		};
/* End PBXVariantGroup section */

/* Begin XCBuildConfiguration section */
		E2DE80D52E58F43A005249D4 /* Debug */ = {
			isa = XCBuildConfiguration;
			buildSettings = {
				ALWAYS_SEARCH_USER_PATHS = NO;
				CLANG_ANALYZER_NONNULL = YES;
				CLANG_ANALYZER_NUMBER_OBJECT_CONVERSION = YES_AGGRESSIVE;
				CLANG_CXX_LANGUAGE_STANDARD = "gnu++20";
				CLANG_ENABLE_MODULES = YES;
				CLANG_ENABLE_OBJC_ARC = YES;
				CLANG_ENABLE_OBJC_WEAK = YES;
				CLANG_WARN_BLOCK_CAPTURE_AUTORELEASING = YES;
				CLANG_WARN_BOOL_CONVERSION = YES;
				CLANG_WARN_COMMA = YES;
				CLANG_WARN_CONSTANT_CONVERSION = YES;
				CLANG_WARN_DEPRECATED_OBJC_IMPLEMENTATIONS = YES;
				CLANG_WARN_DIRECT_OBJC_ISA_USAGE = YES_ERROR;
				CLANG_WARN_DOCUMENTATION_COMMENTS = YES;
				CLANG_WARN_EMPTY_BODY = YES;
				CLANG_WARN_ENUM_CONVERSION = YES;
				CLANG_WARN_INFINITE_RECURSION = YES;
				CLANG_WARN_INT_CONVERSION = YES;
				CLANG_WARN_NON_LITERAL_NULL_CONVERSION = YES;
				CLANG_WARN_OBJC_IMPLICIT_RETAIN_SELF = YES;
				CLANG_WARN_OBJC_LITERAL_CONVERSION = YES;
				CLANG_WARN_OBJC_ROOT_CLASS = YES_ERROR;
				CLANG_WARN_QUOTED_INCLUDE_IN_FRAMEWORK_HEADER = YES;
				CLANG_WARN_RANGE_LOOP_ANALYSIS = YES;
				CLANG_WARN_STRICT_PROTOTYPES = YES;
				CLANG_WARN_SUSPICIOUS_MOVE = YES;
				CLANG_WARN_UNGUARDED_AVAILABILITY = YES_AGGRESSIVE;
				CLANG_WARN_UNREACHABLE_CODE = YES;
				CLANG_WARN__DUPLICATE_METHOD_MATCH = YES;
				COPY_PHASE_STRIP = NO;
				DEBUG_INFORMATION_FORMAT = dwarf;
				ENABLE_STRICT_OBJC_MSGSEND = YES;
				ENABLE_TESTABILITY = YES;
				GCC_C_LANGUAGE_STANDARD = gnu11;
				GCC_DYNAMIC_NO_PIC = NO;
				GCC_NO_COMMON_BLOCKS = YES;
				GCC_OPTIMIZATION_LEVEL = 0;
				GCC_PREPROCESSOR_DEFINITIONS = (
					"DEBUG=1",
					"$(inherited)",
				);
				GCC_WARN_64_TO_32_BIT_CONVERSION = YES;
				GCC_WARN_ABOUT_RETURN_TYPE = YES_ERROR;
				GCC_WARN_UNDECLARED_SELECTOR = YES;
				GCC_WARN_UNINITIALIZED_AUTOS = YES_AGGRESSIVE;
				GCC_WARN_UNUSED_FUNCTION = YES;
				GCC_WARN_UNUSED_VARIABLE = YES;
				IPHONEOS_DEPLOYMENT_TARGET = 16.2;
				MTL_ENABLE_DEBUG_INFO = INCLUDE_SOURCE;
				MTL_FAST_MATH = YES;
				ONLY_ACTIVE_ARCH = YES;
				SDKROOT = iphoneos;
				SWIFT_ACTIVE_COMPILATION_CONDITIONS = DEBUG;
				SWIFT_OPTIMIZATION_LEVEL = "-Onone";
			};
			name = Debug;
		};
		E2DE80D62E58F43A005249D4 /* Release */ = {
			isa = XCBuildConfiguration;
			buildSettings = {
				ALWAYS_SEARCH_USER_PATHS = NO;
				CLANG_ANALYZER_NONNULL = YES;
				CLANG_ANALYZER_NUMBER_OBJECT_CONVERSION = YES_AGGRESSIVE;
				CLANG_CXX_LANGUAGE_STANDARD = "gnu++20";
				CLANG_ENABLE_MODULES = YES;
				CLANG_ENABLE_OBJC_ARC = YES;
				CLANG_ENABLE_OBJC_WEAK = YES;
				CLANG_WARN_BLOCK_CAPTURE_AUTORELEASING = YES;
				CLANG_WARN_BOOL_CONVERSION = YES;
				CLANG_WARN_COMMA = YES;
				CLANG_WARN_CONSTANT_CONVERSION = YES;
				CLANG_WARN_DEPRECATED_OBJC_IMPLEMENTATIONS = YES;
				CLANG_WARN_DIRECT_OBJC_ISA_USAGE = YES_ERROR;
				CLANG_WARN_DOCUMENTATION_COMMENTS = YES;
				CLANG_WARN_EMPTY_BODY = YES;
				CLANG_WARN_ENUM_CONVERSION = YES;
				CLANG_WARN_INFINITE_RECURSION = YES;
				CLANG_WARN_INT_CONVERSION = YES;
				CLANG_WARN_NON_LITERAL_NULL_CONVERSION = YES;
				CLANG_WARN_OBJC_IMPLICIT_RETAIN_SELF = YES;
				CLANG_WARN_OBJC_LITERAL_CONVERSION = YES;
				CLANG_WARN_OBJC_ROOT_CLASS = YES_ERROR;
				CLANG_WARN_QUOTED_INCLUDE_IN_FRAMEWORK_HEADER = YES;
				CLANG_WARN_RANGE_LOOP_ANALYSIS = YES;
				CLANG_WARN_STRICT_PROTOTYPES = YES;
				CLANG_WARN_SUSPICIOUS_MOVE = YES;
				CLANG_WARN_UNGUARDED_AVAILABILITY = YES_AGGRESSIVE;
				CLANG_WARN_UNREACHABLE_CODE = YES;
				CLANG_WARN__DUPLICATE_METHOD_MATCH = YES;
				COPY_PHASE_STRIP = NO;
				DEBUG_INFORMATION_FORMAT = "dwarf-with-dsym";
				ENABLE_NS_ASSERTIONS = NO;
				ENABLE_STRICT_OBJC_MSGSEND = YES;
				GCC_C_LANGUAGE_STANDARD = gnu11;
				GCC_NO_COMMON_BLOCKS = YES;
				GCC_WARN_64_TO_32_BIT_CONVERSION = YES;
				GCC_WARN_ABOUT_RETURN_TYPE = YES_ERROR;
				GCC_WARN_UNDECLARED_SELECTOR = YES;
				GCC_WARN_UNINITIALIZED_AUTOS = YES_AGGRESSIVE;
				GCC_WARN_UNUSED_FUNCTION = YES;
				GCC_WARN_UNUSED_VARIABLE = YES;
				IPHONEOS_DEPLOYMENT_TARGET = 16.2;
				MTL_ENABLE_DEBUG_INFO = NO;
				MTL_FAST_MATH = YES;
				SDKROOT = iphoneos;
				SWIFT_COMPILATION_MODE = wholemodule;
				SWIFT_OPTIMIZATION_LEVEL = "-O";
				VALIDATE_PRODUCT = YES;
			};
			name = Release;
		};
		E2DE80D82E58F43A005249D4 /* Debug */ = {
			isa = XCBuildConfiguration;
			buildSettings = {
				ASSETCATALOG_COMPILER_APPICON_NAME = AppIcon;
				ASSETCATALOG_COMPILER_GLOBAL_ACCENT_COLOR_NAME = AccentColor;
				CODE_SIGN_STYLE = Automatic;
				CURRENT_PROJECT_VERSION = 1;
				DEVELOPMENT_TEAM = BTDAKJWSW8;
				GENERATE_INFOPLIST_FILE = YES;
				INFOPLIST_FILE = ToDoList_Project/Info.plist;
				INFOPLIST_KEY_UIApplicationSupportsIndirectInputEvents = YES;
				INFOPLIST_KEY_UILaunchStoryboardName = LaunchScreen;
				INFOPLIST_KEY_UISupportedInterfaceOrientations_iPad = "UIInterfaceOrientationPortrait UIInterfaceOrientationPortraitUpsideDown UIInterfaceOrientationLandscapeLeft UIInterfaceOrientationLandscapeRight";
				INFOPLIST_KEY_UISupportedInterfaceOrientations_iPhone = "UIInterfaceOrientationPortrait UIInterfaceOrientationLandscapeLeft UIInterfaceOrientationLandscapeRight";
				LD_RUNPATH_SEARCH_PATHS = (
					"$(inherited)",
					"@executable_path/Frameworks",
				);
				MARKETING_VERSION = 1.0;
				PRODUCT_BUNDLE_IDENTIFIER = "sev-84.ToDoList-Project";
				PRODUCT_NAME = "$(TARGET_NAME)";
				SWIFT_EMIT_LOC_STRINGS = YES;
				SWIFT_VERSION = 5.0;
				TARGETED_DEVICE_FAMILY = "1,2";
			};
			name = Debug;
		};
		E2DE80D92E58F43A005249D4 /* Release */ = {
			isa = XCBuildConfiguration;
			buildSettings = {
				ASSETCATALOG_COMPILER_APPICON_NAME = AppIcon;
				ASSETCATALOG_COMPILER_GLOBAL_ACCENT_COLOR_NAME = AccentColor;
				CODE_SIGN_STYLE = Automatic;
				CURRENT_PROJECT_VERSION = 1;
				DEVELOPMENT_TEAM = BTDAKJWSW8;
				GENERATE_INFOPLIST_FILE = YES;
				INFOPLIST_FILE = ToDoList_Project/Info.plist;
				INFOPLIST_KEY_UIApplicationSupportsIndirectInputEvents = YES;
				INFOPLIST_KEY_UILaunchStoryboardName = LaunchScreen;
				INFOPLIST_KEY_UISupportedInterfaceOrientations_iPad = "UIInterfaceOrientationPortrait UIInterfaceOrientationPortraitUpsideDown UIInterfaceOrientationLandscapeLeft UIInterfaceOrientationLandscapeRight";
				INFOPLIST_KEY_UISupportedInterfaceOrientations_iPhone = "UIInterfaceOrientationPortrait UIInterfaceOrientationLandscapeLeft UIInterfaceOrientationLandscapeRight";
				LD_RUNPATH_SEARCH_PATHS = (
					"$(inherited)",
					"@executable_path/Frameworks",
				);
				MARKETING_VERSION = 1.0;
				PRODUCT_BUNDLE_IDENTIFIER = "sev-84.ToDoList-Project";
				PRODUCT_NAME = "$(TARGET_NAME)";
				SWIFT_EMIT_LOC_STRINGS = YES;
				SWIFT_VERSION = 5.0;
				TARGETED_DEVICE_FAMILY = "1,2";
			};
			name = Release;
		};
/* End XCBuildConfiguration section */

/* Begin XCConfigurationList section */
		E2DE80BE2E58F438005249D4 /* Build configuration list for PBXProject "ToDoList_Project" */ = {
			isa = XCConfigurationList;
			buildConfigurations = (
				E2DE80D52E58F43A005249D4 /* Debug */,
				E2DE80D62E58F43A005249D4 /* Release */,
			);
			defaultConfigurationIsVisible = 0;
			defaultConfigurationName = Release;
		};
		E2DE80D72E58F43A005249D4 /* Build configuration list for PBXNativeTarget "ToDoList_Project" */ = {
			isa = XCConfigurationList;
			buildConfigurations = (
				E2DE80D82E58F43A005249D4 /* Debug */,
				E2DE80D92E58F43A005249D4 /* Release */,
			);
			defaultConfigurationIsVisible = 0;
			defaultConfigurationName = Release;
		};
/* End XCConfigurationList section */

/* Begin XCVersionGroup section */
		E2D25B7A2E59CB610054E236 /* TaskEntity.xcdatamodeld */ = {
			isa = XCVersionGroup;
			children = (
				E2D25B7B2E59CB610054E236 /* TaskEntity.xcdatamodel */,
			);
			currentVersion = E2D25B7B2E59CB610054E236 /* TaskEntity.xcdatamodel */;
			path = TaskEntity.xcdatamodeld;
			sourceTree = "<group>";
			versionGroupType = wrapper.xcdatamodel;
		};
/* End XCVersionGroup section */
	};
	rootObject = E2DE80BB2E58F438005249D4 /* Project object */;
}
